
Microsoft Visual Studio Solution File, Format Version 12.00
# Visual Studio 14
VisualStudioVersion = 14.0.23107.0
MinimumVisualStudioVersion = 10.0.40219.1
Project("{FAE04EC0-301F-11D3-BF4B-00C04F79EFBC}") = "OOP_Task2_Var4", "OOP_Task2_Var4\OOP_Task2_Var4.csproj", "{0C97AE86-9130-463A-B85F-218F9CBCEED3}"
EndProject
Global
	GlobalSection(SolutionConfigurationPlatforms) = preSolution
		Debug|Any CPU = Debug|Any CPU
		Release|Any CPU = Release|Any CPU
	EndGlobalSection
	GlobalSection(ProjectConfigurationPlatforms) = postSolution
		{0C97AE86-9130-463A-B85F-218F9CBCEED3}.Debug|Any CPU.ActiveCfg = Debug|Any CPU
		{0C97AE86-9130-463A-B85F-218F9CBCEED3}.Debug|Any CPU.Build.0 = Debug|Any CPU
		{0C97AE86-9130-463A-B85F-218F9CBCEED3}.Release|Any CPU.ActiveCfg = Release|Any CPU
		{0C97AE86-9130-463A-B85F-218F9CBCEED3}.Release|Any CPU.Build.0 = Release|Any CPU
	EndGlobalSection
	GlobalSection(SolutionProperties) = preSolution
		HideSolutionNode = FALSE
	EndGlobalSection
EndGlobal
